<?xml version="1.0" encoding="utf-8"?>
<Project ToolsVersion="4.0" xmlns="http://schemas.microsoft.com/developer/msbuild/2003">
  <ItemGroup>
    <Filter Include="source_files">
      <UniqueIdentifier>{4FC737F1-C7A5-4376-A066-2A32D752A2FF}</UniqueIdentifier>
      <Extensions>cpp;c;cc;cxx;def;odl;idl;hpj;bat;asm;asmx</Extensions>
    </Filter>
    <Filter Include="resource_files">
      <UniqueIdentifier>{67DA6AB6-F800-4c08-8B7A-83BB121AAD01}</UniqueIdentifier>
      <Extensions>rc;ico;cur;bmp;dlg;rc2;rct;bin;rgs;gif;jpg;jpeg;jpe;resx;tiff;tif;png;wav;mfcribbon-ms</Extensions>
    </Filter>
    <Filter Include="header_files">
      <UniqueIdentifier>{93995380-89BD-4b04-88EB-625FBE52EBFB}</UniqueIdentifier>
      <Extensions>h;hh;hpp;hxx;hm;inl;inc;ipp;xsd</Extensions>
    </Filter>
    <Filter Include="source_files\input">
      <UniqueIdentifier>{fce0b231-04aa-4e58-a786-b2ebb5edfb53}</UniqueIdentifier>
    </Filter>
    <Filter Include="header_files\input">
      <UniqueIdentifier>{3344defc-3abb-43f9-b07d-dc44dbb72aee}</UniqueIdentifier>
    </Filter>
  </ItemGroup>
  <ItemGroup>
    <ClCompile Include="simple_recoil.cpp">
      <Filter>source_files</Filter>
    </ClCompile>
    <ClCompile Include="mouse.cpp">
      <Filter>source_files\input</Filter>
    </ClCompile>
    <ClCompile Include="keyboard.cpp">
      <Filter>source_files\input</Filter>
    </ClCompile>
  </ItemGroup>
  <ItemGroup>
    <ClInclude Include="mouse.h">
      <Filter>header_files\input</Filter>
    </ClInclude>
    <ClInclude Include="keyboard.h">
      <Filter>header_files\input</Filter>
    </ClInclude>
    <ClInclude Include="simple_recoil.h">
      <Filter>header_files</Filter>
    </ClInclude>
  </ItemGroup>
</Project>